<Solution>
  <Folder Name="/src/">
    <Project Path="src/Collaborate.Api/Collaborate.Api.csproj" />
    <Project Path="src/Collaborate.Authorization/Collaborate.Authorization.csproj" />
  </Folder>
  <Folder Name="/tests/">
    <Project Path="tests/Collaborate.Authorization.Tests/Collaborate.Authorization.Tests.csproj" />
  </Folder>
</Solution>
